
Microsoft Visual Studio Solution File, Format Version 12.00
# Visual Studio Version 16
VisualStudioVersion = 16.0.30804.86
MinimumVisualStudioVersion = 10.0.40219.1
Project("{9A19103F-16F7-4668-BE54-9A1E7A4F7556}") = "UnitA", "UnitA.csproj", "{1E829DE1-2E7B-404A-BC5D-530C7C335199}"
EndProject
Project("{9A19103F-16F7-4668-BE54-9A1E7A4F7556}") = "UnitB", "..\UnitB\UnitB.csproj", "{099F2B3C-F3A9-4D83-86EB-ADC9185E091E}"
EndProject
Project("{9A19103F-16F7-4668-BE54-9A1E7A4F7556}") = "Queuingy", "..\Queuingy\Queuingy.csproj", "{B49DED7C-773A-4908-9FCD-393E23B51D2C}"
EndProject
Project("{FAE04EC0-301F-11D3-BF4B-00C04F79EFBC}") = "Entities", "..\Entities\Entities.csproj", "{A5861BDC-8FBC-414D-A092-FD9376B3C172}"
EndProject
Global
	GlobalSection(SolutionConfigurationPlatforms) = preSolution
		Debug|Any CPU = Debug|Any CPU
		Release|Any CPU = Release|Any CPU
	EndGlobalSection
	GlobalSection(ProjectConfigurationPlatforms) = postSolution
		{1E829DE1-2E7B-404A-BC5D-530C7C335199}.Debug|Any CPU.ActiveCfg = Debug|Any CPU
		{1E829DE1-2E7B-404A-BC5D-530C7C335199}.Debug|Any CPU.Build.0 = Debug|Any CPU
		{1E829DE1-2E7B-404A-BC5D-530C7C335199}.Release|Any CPU.ActiveCfg = Release|Any CPU
		{1E829DE1-2E7B-404A-BC5D-530C7C335199}.Release|Any CPU.Build.0 = Release|Any CPU
		{099F2B3C-F3A9-4D83-86EB-ADC9185E091E}.Debug|Any CPU.ActiveCfg = Debug|Any CPU
		{099F2B3C-F3A9-4D83-86EB-ADC9185E091E}.Debug|Any CPU.Build.0 = Debug|Any CPU
		{099F2B3C-F3A9-4D83-86EB-ADC9185E091E}.Release|Any CPU.ActiveCfg = Release|Any CPU
		{099F2B3C-F3A9-4D83-86EB-ADC9185E091E}.Release|Any CPU.Build.0 = Release|Any CPU
		{B49DED7C-773A-4908-9FCD-393E23B51D2C}.Debug|Any CPU.ActiveCfg = Debug|Any CPU
		{B49DED7C-773A-4908-9FCD-393E23B51D2C}.Debug|Any CPU.Build.0 = Debug|Any CPU
		{B49DED7C-773A-4908-9FCD-393E23B51D2C}.Release|Any CPU.ActiveCfg = Release|Any CPU
		{B49DED7C-773A-4908-9FCD-393E23B51D2C}.Release|Any CPU.Build.0 = Release|Any CPU
		{A5861BDC-8FBC-414D-A092-FD9376B3C172}.Debug|Any CPU.ActiveCfg = Debug|Any CPU
		{A5861BDC-8FBC-414D-A092-FD9376B3C172}.Debug|Any CPU.Build.0 = Debug|Any CPU
		{A5861BDC-8FBC-414D-A092-FD9376B3C172}.Release|Any CPU.ActiveCfg = Release|Any CPU
		{A5861BDC-8FBC-414D-A092-FD9376B3C172}.Release|Any CPU.Build.0 = Release|Any CPU
	EndGlobalSection
	GlobalSection(SolutionProperties) = preSolution
		HideSolutionNode = FALSE
	EndGlobalSection
	GlobalSection(ExtensibilityGlobals) = postSolution
		SolutionGuid = {AEB96F0F-CD7F-43CD-AC5D-E5CD9822B3A3}
	EndGlobalSection
EndGlobal
